
Microsoft Visual Studio Solution File, Format Version 12.00
# Visual Studio Version 17
VisualStudioVersion = 17.14.36414.22 d17.14
MinimumVisualStudioVersion = 10.0.40219.1
Project("{FAE04EC0-301F-11D3-BF4B-00C04F79EFBC}") = "OOPprojekt", "OOPprojekt.csproj", "{8FF0606F-7664-4E42-AF11-82F486AA7E0A}"
EndProject
Global
	GlobalSection(SolutionConfigurationPlatforms) = preSolution
		Debug|Any CPU = Debug|Any CPU
		Release|Any CPU = Release|Any CPU
	EndGlobalSection
	GlobalSection(ProjectConfigurationPlatforms) = postSolution
		{8FF0606F-7664-4E42-AF11-82F486AA7E0A}.Debug|Any CPU.ActiveCfg = Debug|Any CPU
		{8FF0606F-7664-4E42-AF11-82F486AA7E0A}.Debug|Any CPU.Build.0 = Debug|Any CPU
		{8FF0606F-7664-4E42-AF11-82F486AA7E0A}.Release|Any CPU.ActiveCfg = Release|Any CPU
		{8FF0606F-7664-4E42-AF11-82F486AA7E0A}.Release|Any CPU.Build.0 = Release|Any CPU
	EndGlobalSection
	GlobalSection(SolutionProperties) = preSolution
		HideSolutionNode = FALSE
	EndGlobalSection
	GlobalSection(ExtensibilityGlobals) = postSolution
		SolutionGuid = {58CBDE50-96AB-4278-AE51-585766A9C550}
	EndGlobalSection
EndGlobal
